// !$*UTF8*$!
{
	archiveVersion = 1;
	classes = {
	};
	objectVersion = 55;
	objects = {

/* Begin PBXBuildFile section */
		0564A1FCF5A408D71A8D3474 /* MainModuleViewController.storyboard in Resources */ = {isa = PBXBuildFile; fileRef = 18783EC34B7A0823944FD17B /* MainModuleViewController.storyboard */; };
		20CE21EFE241CC71D7C8995A /* MainModuleRouter.swift in Sources */ = {isa = PBXBuildFile; fileRef = 09734882B799286C888BAACB /* MainModuleRouter.swift */; };
		4C4EE146A12BC428FA32A5DD /* MainModuleModuleInput.swift in Sources */ = {isa = PBXBuildFile; fileRef = E514A21B19694662A6FA1008 /* MainModuleModuleInput.swift */; };
		4D4B5C1F61A75EE2D3751FBB /* MainModuleViewOutput.swift in Sources */ = {isa = PBXBuildFile; fileRef = A676CF656A411109364D87FB /* MainModuleViewOutput.swift */; };
		528B52046C2C6F9D573200CB /* MainModuleViewInput.swift in Sources */ = {isa = PBXBuildFile; fileRef = AC99D391121E2B4BB2526A43 /* MainModuleViewInput.swift */; };
		6C4F3D38E1186E79C2919EAD /* MainModuleRouterInput.swift in Sources */ = {isa = PBXBuildFile; fileRef = 7EB8785B256BDD52FE60E15B /* MainModuleRouterInput.swift */; };
		7C6EBE2828BEB31E00997E05 /* ModuleTransitionable.swift in Sources */ = {isa = PBXBuildFile; fileRef = 7C6EBE2728BEB31E00997E05 /* ModuleTransitionable.swift */; };
		7C9D2F2828A65D77002E3ACE /* AppDelegate.swift in Sources */ = {isa = PBXBuildFile; fileRef = 7C9D2F2728A65D77002E3ACE /* AppDelegate.swift */; };
		7C9D2F2A28A65D77002E3ACE /* SceneDelegate.swift in Sources */ = {isa = PBXBuildFile; fileRef = 7C9D2F2928A65D77002E3ACE /* SceneDelegate.swift */; };
		7C9D2F3428A65D78002E3ACE /* Assets.xcassets in Resources */ = {isa = PBXBuildFile; fileRef = 7C9D2F3328A65D78002E3ACE /* Assets.xcassets */; };
		7C9D2F3728A65D78002E3ACE /* LaunchScreen.storyboard in Resources */ = {isa = PBXBuildFile; fileRef = 7C9D2F3528A65D78002E3ACE /* LaunchScreen.storyboard */; };
		9BBF89B05CB5346B549FBD72 /* MainModulePresenter.swift in Sources */ = {isa = PBXBuildFile; fileRef = B4D57B8A9813B88D962656C3 /* MainModulePresenter.swift */; };
		A95256E4714C1C123A0B2FE6 /* MainModuleModuleOutput.swift in Sources */ = {isa = PBXBuildFile; fileRef = 2837AF35B375CF9F96E1C053 /* MainModuleModuleOutput.swift */; };
		BA051DA648EA2F126392EC8C /* MainModuleModuleConfigurator.swift in Sources */ = {isa = PBXBuildFile; fileRef = 3873BDBD2684319CA6500F65 /* MainModuleModuleConfigurator.swift */; };
		E73B2B471F6827B5AE1F884B /* MainModuleViewController.swift in Sources */ = {isa = PBXBuildFile; fileRef = 6AFC0A11C6A5738E89156E09 /* MainModuleViewController.swift */; };
/* End PBXBuildFile section */

/* Begin PBXFileReference section */
		09734882B799286C888BAACB /* MainModuleRouter.swift */ = {isa = PBXFileReference; includeInIndex = 1; lastKnownFileType = sourcecode.swift; path = MainModuleRouter.swift; sourceTree = "<group>"; };
		18783EC34B7A0823944FD17B /* MainModuleViewController.storyboard */ = {isa = PBXFileReference; includeInIndex = 1; lastKnownFileType = file.storyboard; path = MainModuleViewController.storyboard; sourceTree = "<group>"; };
		2837AF35B375CF9F96E1C053 /* MainModuleModuleOutput.swift */ = {isa = PBXFileReference; includeInIndex = 1; lastKnownFileType = sourcecode.swift; path = MainModuleModuleOutput.swift; sourceTree = "<group>"; };
		3873BDBD2684319CA6500F65 /* MainModuleModuleConfigurator.swift */ = {isa = PBXFileReference; includeInIndex = 1; lastKnownFileType = sourcecode.swift; path = MainModuleModuleConfigurator.swift; sourceTree = "<group>"; };
		6AFC0A11C6A5738E89156E09 /* MainModuleViewController.swift */ = {isa = PBXFileReference; includeInIndex = 1; lastKnownFileType = sourcecode.swift; path = MainModuleViewController.swift; sourceTree = "<group>"; };
		7C6EBE2728BEB31E00997E05 /* ModuleTransitionable.swift */ = {isa = PBXFileReference; lastKnownFileType = sourcecode.swift; path = ModuleTransitionable.swift; sourceTree = "<group>"; };
		7C9D2F2428A65D77002E3ACE /* Leasing Calc - 1.0.app */ = {isa = PBXFileReference; explicitFileType = wrapper.application; includeInIndex = 0; path = "Leasing Calc - 1.0.app"; sourceTree = BUILT_PRODUCTS_DIR; };
		7C9D2F2728A65D77002E3ACE /* AppDelegate.swift */ = {isa = PBXFileReference; lastKnownFileType = sourcecode.swift; path = AppDelegate.swift; sourceTree = "<group>"; };
		7C9D2F2928A65D77002E3ACE /* SceneDelegate.swift */ = {isa = PBXFileReference; lastKnownFileType = sourcecode.swift; path = SceneDelegate.swift; sourceTree = "<group>"; };
		7C9D2F3328A65D78002E3ACE /* Assets.xcassets */ = {isa = PBXFileReference; lastKnownFileType = folder.assetcatalog; path = Assets.xcassets; sourceTree = "<group>"; };
		7C9D2F3628A65D78002E3ACE /* Base */ = {isa = PBXFileReference; lastKnownFileType = file.storyboard; name = Base; path = Base.lproj/LaunchScreen.storyboard; sourceTree = "<group>"; };
		7C9D2F3828A65D78002E3ACE /* Info.plist */ = {isa = PBXFileReference; lastKnownFileType = text.plist.xml; path = Info.plist; sourceTree = "<group>"; };
		7EB8785B256BDD52FE60E15B /* MainModuleRouterInput.swift */ = {isa = PBXFileReference; includeInIndex = 1; lastKnownFileType = sourcecode.swift; path = MainModuleRouterInput.swift; sourceTree = "<group>"; };
		A676CF656A411109364D87FB /* MainModuleViewOutput.swift */ = {isa = PBXFileReference; includeInIndex = 1; lastKnownFileType = sourcecode.swift; path = MainModuleViewOutput.swift; sourceTree = "<group>"; };
		AC99D391121E2B4BB2526A43 /* MainModuleViewInput.swift */ = {isa = PBXFileReference; includeInIndex = 1; lastKnownFileType = sourcecode.swift; path = MainModuleViewInput.swift; sourceTree = "<group>"; };
		B4D57B8A9813B88D962656C3 /* MainModulePresenter.swift */ = {isa = PBXFileReference; includeInIndex = 1; lastKnownFileType = sourcecode.swift; path = MainModulePresenter.swift; sourceTree = "<group>"; };
		E514A21B19694662A6FA1008 /* MainModuleModuleInput.swift */ = {isa = PBXFileReference; includeInIndex = 1; lastKnownFileType = sourcecode.swift; path = MainModuleModuleInput.swift; sourceTree = "<group>"; };
/* End PBXFileReference section */

/* Begin PBXFrameworksBuildPhase section */
		7C9D2F2128A65D77002E3ACE /* Frameworks */ = {
			isa = PBXFrameworksBuildPhase;
			buildActionMask = 2147483647;
			files = (
			);
			runOnlyForDeploymentPostprocessing = 0;
		};
/* End PBXFrameworksBuildPhase section */

/* Begin PBXGroup section */
		1AE5AF7277CD5D2774489C3D /* Configurator */ = {
			isa = PBXGroup;
			children = (
				3873BDBD2684319CA6500F65 /* MainModuleModuleConfigurator.swift */,
			);
			path = Configurator;
			sourceTree = "<group>";
		};
		23B897B51D489D6CB95AC811 /* Router */ = {
			isa = PBXGroup;
			children = (
				09734882B799286C888BAACB /* MainModuleRouter.swift */,
				7EB8785B256BDD52FE60E15B /* MainModuleRouterInput.swift */,
			);
			path = Router;
			sourceTree = "<group>";
		};
		338CC3AAD2F2069F1726D7CB /* View */ = {
			isa = PBXGroup;
			children = (
				6AFC0A11C6A5738E89156E09 /* MainModuleViewController.swift */,
				18783EC34B7A0823944FD17B /* MainModuleViewController.storyboard */,
				AC99D391121E2B4BB2526A43 /* MainModuleViewInput.swift */,
				A676CF656A411109364D87FB /* MainModuleViewOutput.swift */,
			);
			path = View;
			sourceTree = "<group>";
		};
		560C8796A06C8D9D9E021F6B /* Presenter */ = {
			isa = PBXGroup;
			children = (
				B4D57B8A9813B88D962656C3 /* MainModulePresenter.swift */,
				E514A21B19694662A6FA1008 /* MainModuleModuleInput.swift */,
				2837AF35B375CF9F96E1C053 /* MainModuleModuleOutput.swift */,
			);
			path = Presenter;
			sourceTree = "<group>";
		};
		77A1F815A68B6BDAF26F2E1D /* MainModule */ = {
			isa = PBXGroup;
			children = (
				1AE5AF7277CD5D2774489C3D /* Configurator */,
				23B897B51D489D6CB95AC811 /* Router */,
				560C8796A06C8D9D9E021F6B /* Presenter */,
				338CC3AAD2F2069F1726D7CB /* View */,
			);
			path = MainModule;
			sourceTree = "<group>";
		};
		7C9D2F1B28A65D77002E3ACE = {
			isa = PBXGroup;
			children = (
				7C9D2F2628A65D77002E3ACE /* Leasing Calc - 1.0 */,
				7C9D2F2528A65D77002E3ACE /* Products */,
			);
			sourceTree = "<group>";
		};
		7C9D2F2528A65D77002E3ACE /* Products */ = {
			isa = PBXGroup;
			children = (
				7C9D2F2428A65D77002E3ACE /* Leasing Calc - 1.0.app */,
			);
			name = Products;
			sourceTree = "<group>";
		};
		7C9D2F2628A65D77002E3ACE /* Leasing Calc - 1.0 */ = {
			isa = PBXGroup;
			children = (
				7C9D2F2728A65D77002E3ACE /* AppDelegate.swift */,
				7C9D2F2928A65D77002E3ACE /* SceneDelegate.swift */,
				7C9D2F3328A65D78002E3ACE /* Assets.xcassets */,
				7C9D2F3528A65D78002E3ACE /* LaunchScreen.storyboard */,
				7C9D2F3828A65D78002E3ACE /* Info.plist */,
				7C6EBE2728BEB31E00997E05 /* ModuleTransitionable.swift */,
				77A1F815A68B6BDAF26F2E1D /* MainModule */,
			);
			path = "Leasing Calc - 1.0";
			sourceTree = "<group>";
		};
/* End PBXGroup section */

/* Begin PBXNativeTarget section */
		7C9D2F2328A65D77002E3ACE /* Leasing Calc - 1.0 */ = {
			isa = PBXNativeTarget;
			buildConfigurationList = 7C9D2F3B28A65D78002E3ACE /* Build configuration list for PBXNativeTarget "Leasing Calc - 1.0" */;
			buildPhases = (
				7C9D2F2028A65D77002E3ACE /* Sources */,
				7C9D2F2128A65D77002E3ACE /* Frameworks */,
				7C9D2F2228A65D77002E3ACE /* Resources */,
			);
			buildRules = (
			);
			dependencies = (
			);
			name = "Leasing Calc - 1.0";
			productName = "Leasing Calc - 1.0";
			productReference = 7C9D2F2428A65D77002E3ACE /* Leasing Calc - 1.0.app */;
			productType = "com.apple.product-type.application";
		};
/* End PBXNativeTarget section */

/* Begin PBXProject section */
		7C9D2F1C28A65D77002E3ACE /* Project object */ = {
			isa = PBXProject;
			attributes = {
				BuildIndependentTargetsInParallel = 1;
				LastSwiftUpdateCheck = 1320;
				LastUpgradeCheck = 1320;
				TargetAttributes = {
					7C9D2F2328A65D77002E3ACE = {
						CreatedOnToolsVersion = 13.2.1;
					};
				};
			};
			buildConfigurationList = 7C9D2F1F28A65D77002E3ACE /* Build configuration list for PBXProject "Leasing Calc - 1.0" */;
			compatibilityVersion = "Xcode 13.0";
			developmentRegion = en;
			hasScannedForEncodings = 0;
			knownRegions = (
				en,
				Base,
			);
			mainGroup = 7C9D2F1B28A65D77002E3ACE;
			productRefGroup = 7C9D2F2528A65D77002E3ACE /* Products */;
			projectDirPath = "";
			projectRoot = "";
			targets = (
				7C9D2F2328A65D77002E3ACE /* Leasing Calc - 1.0 */,
			);
		};
/* End PBXProject section */

/* Begin PBXResourcesBuildPhase section */
		7C9D2F2228A65D77002E3ACE /* Resources */ = {
			isa = PBXResourcesBuildPhase;
			buildActionMask = 2147483647;
			files = (
				7C9D2F3728A65D78002E3ACE /* LaunchScreen.storyboard in Resources */,
				7C9D2F3428A65D78002E3ACE /* Assets.xcassets in Resources */,
				0564A1FCF5A408D71A8D3474 /* MainModuleViewController.storyboard in Resources */,
			);
			runOnlyForDeploymentPostprocessing = 0;
		};
/* End PBXResourcesBuildPhase section */

/* Begin PBXSourcesBuildPhase section */
		7C9D2F2028A65D77002E3ACE /* Sources */ = {
			isa = PBXSourcesBuildPhase;
			buildActionMask = 2147483647;
			files = (
				7C9D2F2828A65D77002E3ACE /* AppDelegate.swift in Sources */,
				7C9D2F2A28A65D77002E3ACE /* SceneDelegate.swift in Sources */,
				7C6EBE2828BEB31E00997E05 /* ModuleTransitionable.swift in Sources */,
				BA051DA648EA2F126392EC8C /* MainModuleModuleConfigurator.swift in Sources */,
				20CE21EFE241CC71D7C8995A /* MainModuleRouter.swift in Sources */,
				6C4F3D38E1186E79C2919EAD /* MainModuleRouterInput.swift in Sources */,
				9BBF89B05CB5346B549FBD72 /* MainModulePresenter.swift in Sources */,
				4C4EE146A12BC428FA32A5DD /* MainModuleModuleInput.swift in Sources */,
				A95256E4714C1C123A0B2FE6 /* MainModuleModuleOutput.swift in Sources */,
				E73B2B471F6827B5AE1F884B /* MainModuleViewController.swift in Sources */,
				528B52046C2C6F9D573200CB /* MainModuleViewInput.swift in Sources */,
				4D4B5C1F61A75EE2D3751FBB /* MainModuleViewOutput.swift in Sources */,
			);
			runOnlyForDeploymentPostprocessing = 0;
		};
/* End PBXSourcesBuildPhase section */

/* Begin PBXVariantGroup section */
		7C9D2F3528A65D78002E3ACE /* LaunchScreen.storyboard */ = {
			isa = PBXVariantGroup;
			children = (
				7C9D2F3628A65D78002E3ACE /* Base */,
			);
			name = LaunchScreen.storyboard;
			sourceTree = "<group>";
		};
/* End PBXVariantGroup section */

/* Begin XCBuildConfiguration section */
		7C9D2F3928A65D78002E3ACE /* Debug */ = {
			isa = XCBuildConfiguration;
			buildSettings = {
				ALWAYS_SEARCH_USER_PATHS = NO;
				CLANG_ANALYZER_NONNULL = YES;
				CLANG_ANALYZER_NUMBER_OBJECT_CONVERSION = YES_AGGRESSIVE;
				CLANG_CXX_LANGUAGE_STANDARD = "gnu++17";
				CLANG_CXX_LIBRARY = "libc++";
				CLANG_ENABLE_MODULES = YES;
				CLANG_ENABLE_OBJC_ARC = YES;
				CLANG_ENABLE_OBJC_WEAK = YES;
				CLANG_WARN_BLOCK_CAPTURE_AUTORELEASING = YES;
				CLANG_WARN_BOOL_CONVERSION = YES;
				CLANG_WARN_COMMA = YES;
				CLANG_WARN_CONSTANT_CONVERSION = YES;
				CLANG_WARN_DEPRECATED_OBJC_IMPLEMENTATIONS = YES;
				CLANG_WARN_DIRECT_OBJC_ISA_USAGE = YES_ERROR;
				CLANG_WARN_DOCUMENTATION_COMMENTS = YES;
				CLANG_WARN_EMPTY_BODY = YES;
				CLANG_WARN_ENUM_CONVERSION = YES;
				CLANG_WARN_INFINITE_RECURSION = YES;
				CLANG_WARN_INT_CONVERSION = YES;
				CLANG_WARN_NON_LITERAL_NULL_CONVERSION = YES;
				CLANG_WARN_OBJC_IMPLICIT_RETAIN_SELF = YES;
				CLANG_WARN_OBJC_LITERAL_CONVERSION = YES;
				CLANG_WARN_OBJC_ROOT_CLASS = YES_ERROR;
				CLANG_WARN_QUOTED_INCLUDE_IN_FRAMEWORK_HEADER = YES;
				CLANG_WARN_RANGE_LOOP_ANALYSIS = YES;
				CLANG_WARN_STRICT_PROTOTYPES = YES;
				CLANG_WARN_SUSPICIOUS_MOVE = YES;
				CLANG_WARN_UNGUARDED_AVAILABILITY = YES_AGGRESSIVE;
				CLANG_WARN_UNREACHABLE_CODE = YES;
				CLANG_WARN__DUPLICATE_METHOD_MATCH = YES;
				COPY_PHASE_STRIP = NO;
				DEBUG_INFORMATION_FORMAT = dwarf;
				ENABLE_STRICT_OBJC_MSGSEND = YES;
				ENABLE_TESTABILITY = YES;
				GCC_C_LANGUAGE_STANDARD = gnu11;
				GCC_DYNAMIC_NO_PIC = NO;
				GCC_NO_COMMON_BLOCKS = YES;
				GCC_OPTIMIZATION_LEVEL = 0;
				GCC_PREPROCESSOR_DEFINITIONS = (
					"DEBUG=1",
					"$(inherited)",
				);
				GCC_WARN_64_TO_32_BIT_CONVERSION = YES;
				GCC_WARN_ABOUT_RETURN_TYPE = YES_ERROR;
				GCC_WARN_UNDECLARED_SELECTOR = YES;
				GCC_WARN_UNINITIALIZED_AUTOS = YES_AGGRESSIVE;
				GCC_WARN_UNUSED_FUNCTION = YES;
				GCC_WARN_UNUSED_VARIABLE = YES;
				IPHONEOS_DEPLOYMENT_TARGET = 15.2;
				MTL_ENABLE_DEBUG_INFO = INCLUDE_SOURCE;
				MTL_FAST_MATH = YES;
				ONLY_ACTIVE_ARCH = YES;
				SDKROOT = iphoneos;
				SWIFT_ACTIVE_COMPILATION_CONDITIONS = DEBUG;
				SWIFT_OPTIMIZATION_LEVEL = "-Onone";
			};
			name = Debug;
		};
		7C9D2F3A28A65D78002E3ACE /* Release */ = {
			isa = XCBuildConfiguration;
			buildSettings = {
				ALWAYS_SEARCH_USER_PATHS = NO;
				CLANG_ANALYZER_NONNULL = YES;
				CLANG_ANALYZER_NUMBER_OBJECT_CONVERSION = YES_AGGRESSIVE;
				CLANG_CXX_LANGUAGE_STANDARD = "gnu++17";
				CLANG_CXX_LIBRARY = "libc++";
				CLANG_ENABLE_MODULES = YES;
				CLANG_ENABLE_OBJC_ARC = YES;
				CLANG_ENABLE_OBJC_WEAK = YES;
				CLANG_WARN_BLOCK_CAPTURE_AUTORELEASING = YES;
				CLANG_WARN_BOOL_CONVERSION = YES;
				CLANG_WARN_COMMA = YES;
				CLANG_WARN_CONSTANT_CONVERSION = YES;
				CLANG_WARN_DEPRECATED_OBJC_IMPLEMENTATIONS = YES;
				CLANG_WARN_DIRECT_OBJC_ISA_USAGE = YES_ERROR;
				CLANG_WARN_DOCUMENTATION_COMMENTS = YES;
				CLANG_WARN_EMPTY_BODY = YES;
				CLANG_WARN_ENUM_CONVERSION = YES;
				CLANG_WARN_INFINITE_RECURSION = YES;
				CLANG_WARN_INT_CONVERSION = YES;
				CLANG_WARN_NON_LITERAL_NULL_CONVERSION = YES;
				CLANG_WARN_OBJC_IMPLICIT_RETAIN_SELF = YES;
				CLANG_WARN_OBJC_LITERAL_CONVERSION = YES;
				CLANG_WARN_OBJC_ROOT_CLASS = YES_ERROR;
				CLANG_WARN_QUOTED_INCLUDE_IN_FRAMEWORK_HEADER = YES;
				CLANG_WARN_RANGE_LOOP_ANALYSIS = YES;
				CLANG_WARN_STRICT_PROTOTYPES = YES;
				CLANG_WARN_SUSPICIOUS_MOVE = YES;
				CLANG_WARN_UNGUARDED_AVAILABILITY = YES_AGGRESSIVE;
				CLANG_WARN_UNREACHABLE_CODE = YES;
				CLANG_WARN__DUPLICATE_METHOD_MATCH = YES;
				COPY_PHASE_STRIP = NO;
				DEBUG_INFORMATION_FORMAT = "dwarf-with-dsym";
				ENABLE_NS_ASSERTIONS = NO;
				ENABLE_STRICT_OBJC_MSGSEND = YES;
				GCC_C_LANGUAGE_STANDARD = gnu11;
				GCC_NO_COMMON_BLOCKS = YES;
				GCC_WARN_64_TO_32_BIT_CONVERSION = YES;
				GCC_WARN_ABOUT_RETURN_TYPE = YES_ERROR;
				GCC_WARN_UNDECLARED_SELECTOR = YES;
				GCC_WARN_UNINITIALIZED_AUTOS = YES_AGGRESSIVE;
				GCC_WARN_UNUSED_FUNCTION = YES;
				GCC_WARN_UNUSED_VARIABLE = YES;
				IPHONEOS_DEPLOYMENT_TARGET = 15.2;
				MTL_ENABLE_DEBUG_INFO = NO;
				MTL_FAST_MATH = YES;
				SDKROOT = iphoneos;
				SWIFT_COMPILATION_MODE = wholemodule;
				SWIFT_OPTIMIZATION_LEVEL = "-O";
				VALIDATE_PRODUCT = YES;
			};
			name = Release;
		};
		7C9D2F3C28A65D78002E3ACE /* Debug */ = {
			isa = XCBuildConfiguration;
			buildSettings = {
				ASSETCATALOG_COMPILER_APPICON_NAME = AppIcon;
				ASSETCATALOG_COMPILER_GLOBAL_ACCENT_COLOR_NAME = AccentColor;
				CODE_SIGN_STYLE = Automatic;
				CURRENT_PROJECT_VERSION = 1;
				DEVELOPMENT_TEAM = CRB59S3C59;
				GENERATE_INFOPLIST_FILE = YES;
				INFOPLIST_FILE = "Leasing Calc - 1.0/Info.plist";
				INFOPLIST_KEY_UIApplicationSupportsIndirectInputEvents = YES;
				INFOPLIST_KEY_UILaunchStoryboardName = LaunchScreen;
				INFOPLIST_KEY_UISupportedInterfaceOrientations_iPad = "UIInterfaceOrientationPortrait UIInterfaceOrientationPortraitUpsideDown UIInterfaceOrientationLandscapeLeft UIInterfaceOrientationLandscapeRight";
				INFOPLIST_KEY_UISupportedInterfaceOrientations_iPhone = "UIInterfaceOrientationPortrait UIInterfaceOrientationLandscapeLeft UIInterfaceOrientationLandscapeRight";
				LD_RUNPATH_SEARCH_PATHS = (
					"$(inherited)",
					"@executable_path/Frameworks",
				);
				MARKETING_VERSION = 1.0;
				PRODUCT_BUNDLE_IDENTIFIER = "com.PaperStreetSoapCompany.Leasing-Calc---1-0";
				PRODUCT_NAME = "$(TARGET_NAME)";
				SWIFT_EMIT_LOC_STRINGS = YES;
				SWIFT_VERSION = 5.0;
				TARGETED_DEVICE_FAMILY = "1,2";
			};
			name = Debug;
		};
		7C9D2F3D28A65D78002E3ACE /* Release */ = {
			isa = XCBuildConfiguration;
			buildSettings = {
				ASSETCATALOG_COMPILER_APPICON_NAME = AppIcon;
				ASSETCATALOG_COMPILER_GLOBAL_ACCENT_COLOR_NAME = AccentColor;
				CODE_SIGN_STYLE = Automatic;
				CURRENT_PROJECT_VERSION = 1;
				DEVELOPMENT_TEAM = CRB59S3C59;
				GENERATE_INFOPLIST_FILE = YES;
				INFOPLIST_FILE = "Leasing Calc - 1.0/Info.plist";
				INFOPLIST_KEY_UIApplicationSupportsIndirectInputEvents = YES;
				INFOPLIST_KEY_UILaunchStoryboardName = LaunchScreen;
				INFOPLIST_KEY_UISupportedInterfaceOrientations_iPad = "UIInterfaceOrientationPortrait UIInterfaceOrientationPortraitUpsideDown UIInterfaceOrientationLandscapeLeft UIInterfaceOrientationLandscapeRight";
				INFOPLIST_KEY_UISupportedInterfaceOrientations_iPhone = "UIInterfaceOrientationPortrait UIInterfaceOrientationLandscapeLeft UIInterfaceOrientationLandscapeRight";
				LD_RUNPATH_SEARCH_PATHS = (
					"$(inherited)",
					"@executable_path/Frameworks",
				);
				MARKETING_VERSION = 1.0;
				PRODUCT_BUNDLE_IDENTIFIER = "com.PaperStreetSoapCompany.Leasing-Calc---1-0";
				PRODUCT_NAME = "$(TARGET_NAME)";
				SWIFT_EMIT_LOC_STRINGS = YES;
				SWIFT_VERSION = 5.0;
				TARGETED_DEVICE_FAMILY = "1,2";
			};
			name = Release;
		};
/* End XCBuildConfiguration section */

/* Begin XCConfigurationList section */
		7C9D2F1F28A65D77002E3ACE /* Build configuration list for PBXProject "Leasing Calc - 1.0" */ = {
			isa = XCConfigurationList;
			buildConfigurations = (
				7C9D2F3928A65D78002E3ACE /* Debug */,
				7C9D2F3A28A65D78002E3ACE /* Release */,
			);
			defaultConfigurationIsVisible = 0;
			defaultConfigurationName = Release;
		};
		7C9D2F3B28A65D78002E3ACE /* Build configuration list for PBXNativeTarget "Leasing Calc - 1.0" */ = {
			isa = XCConfigurationList;
			buildConfigurations = (
				7C9D2F3C28A65D78002E3ACE /* Debug */,
				7C9D2F3D28A65D78002E3ACE /* Release */,
			);
			defaultConfigurationIsVisible = 0;
			defaultConfigurationName = Release;
		};
/* End XCConfigurationList section */
	};
	rootObject = 7C9D2F1C28A65D77002E3ACE /* Project object */;
}
